
Microsoft Visual Studio Solution File, Format Version 12.00
# Visual Studio Version 17
VisualStudioVersion = 17.14.36327.8 d17.14
MinimumVisualStudioVersion = 10.0.40219.1
Project("{FAE04EC0-301F-11D3-BF4B-00C04F79EFBC}") = "LearningHub.Api", "LearningHub.Api.csproj", "{EBF69786-B6F0-0A7F-1C72-E729AD9D138F}"
EndProject
Global
	GlobalSection(SolutionConfigurationPlatforms) = preSolution
		Debug|Any CPU = Debug|Any CPU
		Release|Any CPU = Release|Any CPU
	EndGlobalSection
	GlobalSection(ProjectConfigurationPlatforms) = postSolution
		{EBF69786-B6F0-0A7F-1C72-E729AD9D138F}.Debug|Any CPU.ActiveCfg = Debug|Any CPU
		{EBF69786-B6F0-0A7F-1C72-E729AD9D138F}.Debug|Any CPU.Build.0 = Debug|Any CPU
		{EBF69786-B6F0-0A7F-1C72-E729AD9D138F}.Release|Any CPU.ActiveCfg = Release|Any CPU
		{EBF69786-B6F0-0A7F-1C72-E729AD9D138F}.Release|Any CPU.Build.0 = Release|Any CPU
	EndGlobalSection
	GlobalSection(SolutionProperties) = preSolution
		HideSolutionNode = FALSE
	EndGlobalSection
	GlobalSection(ExtensibilityGlobals) = postSolution
		SolutionGuid = {F85A06FF-27B5-446B-BEB7-8E8EF872DCD5}
	EndGlobalSection
EndGlobal
